
Microsoft Visual Studio Solution File, Format Version 12.00
# Visual Studio Version 17
VisualStudioVersion = 17.0.32014.148
MinimumVisualStudioVersion = 10.0.40219.1
Project("{2150E333-8FDC-42A3-9474-1A3956D46DE8}") = "src", "src", "{D08F5948-8051-42A7-B66C-7782DB9E4AEF}"
EndProject
Project("{2150E333-8FDC-42A3-9474-1A3956D46DE8}") = "Test", "Test", "{CF3829BC-7BA4-4BD9-9811-EA45D72E0A5B}"
EndProject
Project("{FAE04EC0-301F-11D3-BF4B-00C04F79EFBC}") = "Test_Web", "src\Test_Web\Test_Web.csproj", "{67CE5A54-67CA-4B85-89B1-518F4A432F04}"
EndProject
Project("{FAE04EC0-301F-11D3-BF4B-00C04F79EFBC}") = "Application", "src\Application\Application.csproj", "{146222F3-7254-4899-9EF6-F9F71802E2D3}"
EndProject
Project("{FAE04EC0-301F-11D3-BF4B-00C04F79EFBC}") = "Domain", "src\Domain\Domain.csproj", "{567AB4CF-F3A1-4FD0-A7DB-A684E364DD74}"
EndProject
Project("{FAE04EC0-301F-11D3-BF4B-00C04F79EFBC}") = "Infrastucture", "src\Infrastucture\Infrastucture.csproj", "{1C32FC95-95A6-4E96-9D51-9F51B2C7B91B}"
EndProject
Global
	GlobalSection(SolutionConfigurationPlatforms) = preSolution
		Debug|Any CPU = Debug|Any CPU
		Release|Any CPU = Release|Any CPU
	EndGlobalSection
	GlobalSection(ProjectConfigurationPlatforms) = postSolution
		{67CE5A54-67CA-4B85-89B1-518F4A432F04}.Debug|Any CPU.ActiveCfg = Debug|Any CPU
		{67CE5A54-67CA-4B85-89B1-518F4A432F04}.Debug|Any CPU.Build.0 = Debug|Any CPU
		{67CE5A54-67CA-4B85-89B1-518F4A432F04}.Release|Any CPU.ActiveCfg = Release|Any CPU
		{67CE5A54-67CA-4B85-89B1-518F4A432F04}.Release|Any CPU.Build.0 = Release|Any CPU
		{146222F3-7254-4899-9EF6-F9F71802E2D3}.Debug|Any CPU.ActiveCfg = Debug|Any CPU
		{146222F3-7254-4899-9EF6-F9F71802E2D3}.Debug|Any CPU.Build.0 = Debug|Any CPU
		{146222F3-7254-4899-9EF6-F9F71802E2D3}.Release|Any CPU.ActiveCfg = Release|Any CPU
		{146222F3-7254-4899-9EF6-F9F71802E2D3}.Release|Any CPU.Build.0 = Release|Any CPU
		{567AB4CF-F3A1-4FD0-A7DB-A684E364DD74}.Debug|Any CPU.ActiveCfg = Debug|Any CPU
		{567AB4CF-F3A1-4FD0-A7DB-A684E364DD74}.Debug|Any CPU.Build.0 = Debug|Any CPU
		{567AB4CF-F3A1-4FD0-A7DB-A684E364DD74}.Release|Any CPU.ActiveCfg = Release|Any CPU
		{567AB4CF-F3A1-4FD0-A7DB-A684E364DD74}.Release|Any CPU.Build.0 = Release|Any CPU
		{1C32FC95-95A6-4E96-9D51-9F51B2C7B91B}.Debug|Any CPU.ActiveCfg = Debug|Any CPU
		{1C32FC95-95A6-4E96-9D51-9F51B2C7B91B}.Debug|Any CPU.Build.0 = Debug|Any CPU
		{1C32FC95-95A6-4E96-9D51-9F51B2C7B91B}.Release|Any CPU.ActiveCfg = Release|Any CPU
		{1C32FC95-95A6-4E96-9D51-9F51B2C7B91B}.Release|Any CPU.Build.0 = Release|Any CPU
	EndGlobalSection
	GlobalSection(SolutionProperties) = preSolution
		HideSolutionNode = FALSE
	EndGlobalSection
	GlobalSection(NestedProjects) = preSolution
		{67CE5A54-67CA-4B85-89B1-518F4A432F04} = {D08F5948-8051-42A7-B66C-7782DB9E4AEF}
		{146222F3-7254-4899-9EF6-F9F71802E2D3} = {D08F5948-8051-42A7-B66C-7782DB9E4AEF}
		{567AB4CF-F3A1-4FD0-A7DB-A684E364DD74} = {D08F5948-8051-42A7-B66C-7782DB9E4AEF}
		{1C32FC95-95A6-4E96-9D51-9F51B2C7B91B} = {D08F5948-8051-42A7-B66C-7782DB9E4AEF}
	EndGlobalSection
	GlobalSection(ExtensibilityGlobals) = postSolution
		SolutionGuid = {6A881455-777F-4496-90EA-C15AE9071CAB}
	EndGlobalSection
EndGlobal
